// !$*UTF8*$!
{
	archiveVersion = 1;
	classes = {
	};
	objectVersion = 56;
	objects = {

/* Begin PBXBuildFile section */
		D5B2286829811E7C003ECDCB /* AppDelegate.swift in Sources */ = {isa = PBXBuildFile; fileRef = D5B2286729811E7C003ECDCB /* AppDelegate.swift */; };
		D5B2286A29811E7C003ECDCB /* SceneDelegate.swift in Sources */ = {isa = PBXBuildFile; fileRef = D5B2286929811E7C003ECDCB /* SceneDelegate.swift */; };
		D5B2286C29811E7C003ECDCB /* ViewController.swift in Sources */ = {isa = PBXBuildFile; fileRef = D5B2286B29811E7C003ECDCB /* ViewController.swift */; };
		D5B2286F29811E7C003ECDCB /* Main.storyboard in Resources */ = {isa = PBXBuildFile; fileRef = D5B2286D29811E7C003ECDCB /* Main.storyboard */; };
		D5B2287129811E7D003ECDCB /* Assets.xcassets in Resources */ = {isa = PBXBuildFile; fileRef = D5B2287029811E7D003ECDCB /* Assets.xcassets */; };
		D5B2287429811E7D003ECDCB /* LaunchScreen.storyboard in Resources */ = {isa = PBXBuildFile; fileRef = D5B2287229811E7D003ECDCB /* LaunchScreen.storyboard */; };
		D5B2287F29811E7D003ECDCB /* RealmPracticeTests.swift in Sources */ = {isa = PBXBuildFile; fileRef = D5B2287E29811E7D003ECDCB /* RealmPracticeTests.swift */; };
		D5B2288929811E7D003ECDCB /* RealmPracticeUITests.swift in Sources */ = {isa = PBXBuildFile; fileRef = D5B2288829811E7D003ECDCB /* RealmPracticeUITests.swift */; };
		D5B2288B29811E7E003ECDCB /* RealmPracticeUITestsLaunchTests.swift in Sources */ = {isa = PBXBuildFile; fileRef = D5B2288A29811E7E003ECDCB /* RealmPracticeUITestsLaunchTests.swift */; };
/* End PBXBuildFile section */

/* Begin PBXContainerItemProxy section */
		D5B2287B29811E7D003ECDCB /* PBXContainerItemProxy */ = {
			isa = PBXContainerItemProxy;
			containerPortal = D5B2285C29811E7C003ECDCB /* Project object */;
			proxyType = 1;
			remoteGlobalIDString = D5B2286329811E7C003ECDCB;
			remoteInfo = RealmPractice;
		};
		D5B2288529811E7D003ECDCB /* PBXContainerItemProxy */ = {
			isa = PBXContainerItemProxy;
			containerPortal = D5B2285C29811E7C003ECDCB /* Project object */;
			proxyType = 1;
			remoteGlobalIDString = D5B2286329811E7C003ECDCB;
			remoteInfo = RealmPractice;
		};
/* End PBXContainerItemProxy section */

/* Begin PBXFileReference section */
		D5B2286429811E7C003ECDCB /* RealmPractice.app */ = {isa = PBXFileReference; explicitFileType = wrapper.application; includeInIndex = 0; path = RealmPractice.app; sourceTree = BUILT_PRODUCTS_DIR; };
		D5B2286729811E7C003ECDCB /* AppDelegate.swift */ = {isa = PBXFileReference; lastKnownFileType = sourcecode.swift; path = AppDelegate.swift; sourceTree = "<group>"; };
		D5B2286929811E7C003ECDCB /* SceneDelegate.swift */ = {isa = PBXFileReference; lastKnownFileType = sourcecode.swift; path = SceneDelegate.swift; sourceTree = "<group>"; };
		D5B2286B29811E7C003ECDCB /* ViewController.swift */ = {isa = PBXFileReference; lastKnownFileType = sourcecode.swift; path = ViewController.swift; sourceTree = "<group>"; };
		D5B2286E29811E7C003ECDCB /* Base */ = {isa = PBXFileReference; lastKnownFileType = file.storyboard; name = Base; path = Base.lproj/Main.storyboard; sourceTree = "<group>"; };
		D5B2287029811E7D003ECDCB /* Assets.xcassets */ = {isa = PBXFileReference; lastKnownFileType = folder.assetcatalog; path = Assets.xcassets; sourceTree = "<group>"; };
		D5B2287329811E7D003ECDCB /* Base */ = {isa = PBXFileReference; lastKnownFileType = file.storyboard; name = Base; path = Base.lproj/LaunchScreen.storyboard; sourceTree = "<group>"; };
		D5B2287529811E7D003ECDCB /* Info.plist */ = {isa = PBXFileReference; lastKnownFileType = text.plist.xml; path = Info.plist; sourceTree = "<group>"; };
		D5B2287A29811E7D003ECDCB /* RealmPracticeTests.xctest */ = {isa = PBXFileReference; explicitFileType = wrapper.cfbundle; includeInIndex = 0; path = RealmPracticeTests.xctest; sourceTree = BUILT_PRODUCTS_DIR; };
		D5B2287E29811E7D003ECDCB /* RealmPracticeTests.swift */ = {isa = PBXFileReference; lastKnownFileType = sourcecode.swift; path = RealmPracticeTests.swift; sourceTree = "<group>"; };
		D5B2288429811E7D003ECDCB /* RealmPracticeUITests.xctest */ = {isa = PBXFileReference; explicitFileType = wrapper.cfbundle; includeInIndex = 0; path = RealmPracticeUITests.xctest; sourceTree = BUILT_PRODUCTS_DIR; };
		D5B2288829811E7D003ECDCB /* RealmPracticeUITests.swift */ = {isa = PBXFileReference; lastKnownFileType = sourcecode.swift; path = RealmPracticeUITests.swift; sourceTree = "<group>"; };
		D5B2288A29811E7E003ECDCB /* RealmPracticeUITestsLaunchTests.swift */ = {isa = PBXFileReference; lastKnownFileType = sourcecode.swift; path = RealmPracticeUITestsLaunchTests.swift; sourceTree = "<group>"; };
/* End PBXFileReference section */

/* Begin PBXFrameworksBuildPhase section */
		D5B2286129811E7C003ECDCB /* Frameworks */ = {
			isa = PBXFrameworksBuildPhase;
			buildActionMask = 2147483647;
			files = (
			);
			runOnlyForDeploymentPostprocessing = 0;
		};
		D5B2287729811E7D003ECDCB /* Frameworks */ = {
			isa = PBXFrameworksBuildPhase;
			buildActionMask = 2147483647;
			files = (
			);
			runOnlyForDeploymentPostprocessing = 0;
		};
		D5B2288129811E7D003ECDCB /* Frameworks */ = {
			isa = PBXFrameworksBuildPhase;
			buildActionMask = 2147483647;
			files = (
			);
			runOnlyForDeploymentPostprocessing = 0;
		};
/* End PBXFrameworksBuildPhase section */

/* Begin PBXGroup section */
		D5B2285B29811E7C003ECDCB = {
			isa = PBXGroup;
			children = (
				D5B2286629811E7C003ECDCB /* RealmPractice */,
				D5B2287D29811E7D003ECDCB /* RealmPracticeTests */,
				D5B2288729811E7D003ECDCB /* RealmPracticeUITests */,
				D5B2286529811E7C003ECDCB /* Products */,
			);
			sourceTree = "<group>";
		};
		D5B2286529811E7C003ECDCB /* Products */ = {
			isa = PBXGroup;
			children = (
				D5B2286429811E7C003ECDCB /* RealmPractice.app */,
				D5B2287A29811E7D003ECDCB /* RealmPracticeTests.xctest */,
				D5B2288429811E7D003ECDCB /* RealmPracticeUITests.xctest */,
			);
			name = Products;
			sourceTree = "<group>";
		};
		D5B2286629811E7C003ECDCB /* RealmPractice */ = {
			isa = PBXGroup;
			children = (
				D5B2286729811E7C003ECDCB /* AppDelegate.swift */,
				D5B2286929811E7C003ECDCB /* SceneDelegate.swift */,
				D5B2286B29811E7C003ECDCB /* ViewController.swift */,
				D5B2286D29811E7C003ECDCB /* Main.storyboard */,
				D5B2287029811E7D003ECDCB /* Assets.xcassets */,
				D5B2287229811E7D003ECDCB /* LaunchScreen.storyboard */,
				D5B2287529811E7D003ECDCB /* Info.plist */,
			);
			path = RealmPractice;
			sourceTree = "<group>";
		};
		D5B2287D29811E7D003ECDCB /* RealmPracticeTests */ = {
			isa = PBXGroup;
			children = (
				D5B2287E29811E7D003ECDCB /* RealmPracticeTests.swift */,
			);
			path = RealmPracticeTests;
			sourceTree = "<group>";
		};
		D5B2288729811E7D003ECDCB /* RealmPracticeUITests */ = {
			isa = PBXGroup;
			children = (
				D5B2288829811E7D003ECDCB /* RealmPracticeUITests.swift */,
				D5B2288A29811E7E003ECDCB /* RealmPracticeUITestsLaunchTests.swift */,
			);
			path = RealmPracticeUITests;
			sourceTree = "<group>";
		};
/* End PBXGroup section */

/* Begin PBXNativeTarget section */
		D5B2286329811E7C003ECDCB /* RealmPractice */ = {
			isa = PBXNativeTarget;
			buildConfigurationList = D5B2288E29811E7E003ECDCB /* Build configuration list for PBXNativeTarget "RealmPractice" */;
			buildPhases = (
				D5B2286029811E7C003ECDCB /* Sources */,
				D5B2286129811E7C003ECDCB /* Frameworks */,
				D5B2286229811E7C003ECDCB /* Resources */,
			);
			buildRules = (
			);
			dependencies = (
			);
			name = RealmPractice;
			productName = RealmPractice;
			productReference = D5B2286429811E7C003ECDCB /* RealmPractice.app */;
			productType = "com.apple.product-type.application";
		};
		D5B2287929811E7D003ECDCB /* RealmPracticeTests */ = {
			isa = PBXNativeTarget;
			buildConfigurationList = D5B2289129811E7E003ECDCB /* Build configuration list for PBXNativeTarget "RealmPracticeTests" */;
			buildPhases = (
				D5B2287629811E7D003ECDCB /* Sources */,
				D5B2287729811E7D003ECDCB /* Frameworks */,
				D5B2287829811E7D003ECDCB /* Resources */,
			);
			buildRules = (
			);
			dependencies = (
				D5B2287C29811E7D003ECDCB /* PBXTargetDependency */,
			);
			name = RealmPracticeTests;
			productName = RealmPracticeTests;
			productReference = D5B2287A29811E7D003ECDCB /* RealmPracticeTests.xctest */;
			productType = "com.apple.product-type.bundle.unit-test";
		};
		D5B2288329811E7D003ECDCB /* RealmPracticeUITests */ = {
			isa = PBXNativeTarget;
			buildConfigurationList = D5B2289429811E7E003ECDCB /* Build configuration list for PBXNativeTarget "RealmPracticeUITests" */;
			buildPhases = (
				D5B2288029811E7D003ECDCB /* Sources */,
				D5B2288129811E7D003ECDCB /* Frameworks */,
				D5B2288229811E7D003ECDCB /* Resources */,
			);
			buildRules = (
			);
			dependencies = (
				D5B2288629811E7D003ECDCB /* PBXTargetDependency */,
			);
			name = RealmPracticeUITests;
			productName = RealmPracticeUITests;
			productReference = D5B2288429811E7D003ECDCB /* RealmPracticeUITests.xctest */;
			productType = "com.apple.product-type.bundle.ui-testing";
		};
/* End PBXNativeTarget section */

/* Begin PBXProject section */
		D5B2285C29811E7C003ECDCB /* Project object */ = {
			isa = PBXProject;
			attributes = {
				BuildIndependentTargetsInParallel = 1;
				LastSwiftUpdateCheck = 1400;
				LastUpgradeCheck = 1400;
				TargetAttributes = {
					D5B2286329811E7C003ECDCB = {
						CreatedOnToolsVersion = 14.0;
					};
					D5B2287929811E7D003ECDCB = {
						CreatedOnToolsVersion = 14.0;
						TestTargetID = D5B2286329811E7C003ECDCB;
					};
					D5B2288329811E7D003ECDCB = {
						CreatedOnToolsVersion = 14.0;
						TestTargetID = D5B2286329811E7C003ECDCB;
					};
				};
			};
			buildConfigurationList = D5B2285F29811E7C003ECDCB /* Build configuration list for PBXProject "RealmPractice" */;
			compatibilityVersion = "Xcode 14.0";
			developmentRegion = en;
			hasScannedForEncodings = 0;
			knownRegions = (
				en,
				Base,
			);
			mainGroup = D5B2285B29811E7C003ECDCB;
			productRefGroup = D5B2286529811E7C003ECDCB /* Products */;
			projectDirPath = "";
			projectRoot = "";
			targets = (
				D5B2286329811E7C003ECDCB /* RealmPractice */,
				D5B2287929811E7D003ECDCB /* RealmPracticeTests */,
				D5B2288329811E7D003ECDCB /* RealmPracticeUITests */,
			);
		};
/* End PBXProject section */

/* Begin PBXResourcesBuildPhase section */
		D5B2286229811E7C003ECDCB /* Resources */ = {
			isa = PBXResourcesBuildPhase;
			buildActionMask = 2147483647;
			files = (
				D5B2287429811E7D003ECDCB /* LaunchScreen.storyboard in Resources */,
				D5B2287129811E7D003ECDCB /* Assets.xcassets in Resources */,
				D5B2286F29811E7C003ECDCB /* Main.storyboard in Resources */,
			);
			runOnlyForDeploymentPostprocessing = 0;
		};
		D5B2287829811E7D003ECDCB /* Resources */ = {
			isa = PBXResourcesBuildPhase;
			buildActionMask = 2147483647;
			files = (
			);
			runOnlyForDeploymentPostprocessing = 0;
		};
		D5B2288229811E7D003ECDCB /* Resources */ = {
			isa = PBXResourcesBuildPhase;
			buildActionMask = 2147483647;
			files = (
			);
			runOnlyForDeploymentPostprocessing = 0;
		};
/* End PBXResourcesBuildPhase section */

/* Begin PBXSourcesBuildPhase section */
		D5B2286029811E7C003ECDCB /* Sources */ = {
			isa = PBXSourcesBuildPhase;
			buildActionMask = 2147483647;
			files = (
				D5B2286C29811E7C003ECDCB /* ViewController.swift in Sources */,
				D5B2286829811E7C003ECDCB /* AppDelegate.swift in Sources */,
				D5B2286A29811E7C003ECDCB /* SceneDelegate.swift in Sources */,
			);
			runOnlyForDeploymentPostprocessing = 0;
		};
		D5B2287629811E7D003ECDCB /* Sources */ = {
			isa = PBXSourcesBuildPhase;
			buildActionMask = 2147483647;
			files = (
				D5B2287F29811E7D003ECDCB /* RealmPracticeTests.swift in Sources */,
			);
			runOnlyForDeploymentPostprocessing = 0;
		};
		D5B2288029811E7D003ECDCB /* Sources */ = {
			isa = PBXSourcesBuildPhase;
			buildActionMask = 2147483647;
			files = (
				D5B2288929811E7D003ECDCB /* RealmPracticeUITests.swift in Sources */,
				D5B2288B29811E7E003ECDCB /* RealmPracticeUITestsLaunchTests.swift in Sources */,
			);
			runOnlyForDeploymentPostprocessing = 0;
		};
/* End PBXSourcesBuildPhase section */

/* Begin PBXTargetDependency section */
		D5B2287C29811E7D003ECDCB /* PBXTargetDependency */ = {
			isa = PBXTargetDependency;
			target = D5B2286329811E7C003ECDCB /* RealmPractice */;
			targetProxy = D5B2287B29811E7D003ECDCB /* PBXContainerItemProxy */;
		};
		D5B2288629811E7D003ECDCB /* PBXTargetDependency */ = {
			isa = PBXTargetDependency;
			target = D5B2286329811E7C003ECDCB /* RealmPractice */;
			targetProxy = D5B2288529811E7D003ECDCB /* PBXContainerItemProxy */;
		};
/* End PBXTargetDependency section */

/* Begin PBXVariantGroup section */
		D5B2286D29811E7C003ECDCB /* Main.storyboard */ = {
			isa = PBXVariantGroup;
			children = (
				D5B2286E29811E7C003ECDCB /* Base */,
			);
			name = Main.storyboard;
			sourceTree = "<group>";
		};
		D5B2287229811E7D003ECDCB /* LaunchScreen.storyboard */ = {
			isa = PBXVariantGroup;
			children = (
				D5B2287329811E7D003ECDCB /* Base */,
			);
			name = LaunchScreen.storyboard;
			sourceTree = "<group>";
		};
/* End PBXVariantGroup section */

/* Begin XCBuildConfiguration section */
		D5B2288C29811E7E003ECDCB /* Debug */ = {
			isa = XCBuildConfiguration;
			buildSettings = {
				ALWAYS_SEARCH_USER_PATHS = NO;
				CLANG_ANALYZER_NONNULL = YES;
				CLANG_ANALYZER_NUMBER_OBJECT_CONVERSION = YES_AGGRESSIVE;
				CLANG_CXX_LANGUAGE_STANDARD = "gnu++20";
				CLANG_ENABLE_MODULES = YES;
				CLANG_ENABLE_OBJC_ARC = YES;
				CLANG_ENABLE_OBJC_WEAK = YES;
				CLANG_WARN_BLOCK_CAPTURE_AUTORELEASING = YES;
				CLANG_WARN_BOOL_CONVERSION = YES;
				CLANG_WARN_COMMA = YES;
				CLANG_WARN_CONSTANT_CONVERSION = YES;
				CLANG_WARN_DEPRECATED_OBJC_IMPLEMENTATIONS = YES;
				CLANG_WARN_DIRECT_OBJC_ISA_USAGE = YES_ERROR;
				CLANG_WARN_DOCUMENTATION_COMMENTS = YES;
				CLANG_WARN_EMPTY_BODY = YES;
				CLANG_WARN_ENUM_CONVERSION = YES;
				CLANG_WARN_INFINITE_RECURSION = YES;
				CLANG_WARN_INT_CONVERSION = YES;
				CLANG_WARN_NON_LITERAL_NULL_CONVERSION = YES;
				CLANG_WARN_OBJC_IMPLICIT_RETAIN_SELF = YES;
				CLANG_WARN_OBJC_LITERAL_CONVERSION = YES;
				CLANG_WARN_OBJC_ROOT_CLASS = YES_ERROR;
				CLANG_WARN_QUOTED_INCLUDE_IN_FRAMEWORK_HEADER = YES;
				CLANG_WARN_RANGE_LOOP_ANALYSIS = YES;
				CLANG_WARN_STRICT_PROTOTYPES = YES;
				CLANG_WARN_SUSPICIOUS_MOVE = YES;
				CLANG_WARN_UNGUARDED_AVAILABILITY = YES_AGGRESSIVE;
				CLANG_WARN_UNREACHABLE_CODE = YES;
				CLANG_WARN__DUPLICATE_METHOD_MATCH = YES;
				COPY_PHASE_STRIP = NO;
				DEBUG_INFORMATION_FORMAT = dwarf;
				ENABLE_STRICT_OBJC_MSGSEND = YES;
				ENABLE_TESTABILITY = YES;
				GCC_C_LANGUAGE_STANDARD = gnu11;
				GCC_DYNAMIC_NO_PIC = NO;
				GCC_NO_COMMON_BLOCKS = YES;
				GCC_OPTIMIZATION_LEVEL = 0;
				GCC_PREPROCESSOR_DEFINITIONS = (
					"DEBUG=1",
					"$(inherited)",
				);
				GCC_WARN_64_TO_32_BIT_CONVERSION = YES;
				GCC_WARN_ABOUT_RETURN_TYPE = YES_ERROR;
				GCC_WARN_UNDECLARED_SELECTOR = YES;
				GCC_WARN_UNINITIALIZED_AUTOS = YES_AGGRESSIVE;
				GCC_WARN_UNUSED_FUNCTION = YES;
				GCC_WARN_UNUSED_VARIABLE = YES;
				IPHONEOS_DEPLOYMENT_TARGET = 16.0;
				MTL_ENABLE_DEBUG_INFO = INCLUDE_SOURCE;
				MTL_FAST_MATH = YES;
				ONLY_ACTIVE_ARCH = YES;
				SDKROOT = iphoneos;
				SWIFT_ACTIVE_COMPILATION_CONDITIONS = DEBUG;
				SWIFT_OPTIMIZATION_LEVEL = "-Onone";
			};
			name = Debug;
		};
		D5B2288D29811E7E003ECDCB /* Release */ = {
			isa = XCBuildConfiguration;
			buildSettings = {
				ALWAYS_SEARCH_USER_PATHS = NO;
				CLANG_ANALYZER_NONNULL = YES;
				CLANG_ANALYZER_NUMBER_OBJECT_CONVERSION = YES_AGGRESSIVE;
				CLANG_CXX_LANGUAGE_STANDARD = "gnu++20";
				CLANG_ENABLE_MODULES = YES;
				CLANG_ENABLE_OBJC_ARC = YES;
				CLANG_ENABLE_OBJC_WEAK = YES;
				CLANG_WARN_BLOCK_CAPTURE_AUTORELEASING = YES;
				CLANG_WARN_BOOL_CONVERSION = YES;
				CLANG_WARN_COMMA = YES;
				CLANG_WARN_CONSTANT_CONVERSION = YES;
				CLANG_WARN_DEPRECATED_OBJC_IMPLEMENTATIONS = YES;
				CLANG_WARN_DIRECT_OBJC_ISA_USAGE = YES_ERROR;
				CLANG_WARN_DOCUMENTATION_COMMENTS = YES;
				CLANG_WARN_EMPTY_BODY = YES;
				CLANG_WARN_ENUM_CONVERSION = YES;
				CLANG_WARN_INFINITE_RECURSION = YES;
				CLANG_WARN_INT_CONVERSION = YES;
				CLANG_WARN_NON_LITERAL_NULL_CONVERSION = YES;
				CLANG_WARN_OBJC_IMPLICIT_RETAIN_SELF = YES;
				CLANG_WARN_OBJC_LITERAL_CONVERSION = YES;
				CLANG_WARN_OBJC_ROOT_CLASS = YES_ERROR;
				CLANG_WARN_QUOTED_INCLUDE_IN_FRAMEWORK_HEADER = YES;
				CLANG_WARN_RANGE_LOOP_ANALYSIS = YES;
				CLANG_WARN_STRICT_PROTOTYPES = YES;
				CLANG_WARN_SUSPICIOUS_MOVE = YES;
				CLANG_WARN_UNGUARDED_AVAILABILITY = YES_AGGRESSIVE;
				CLANG_WARN_UNREACHABLE_CODE = YES;
				CLANG_WARN__DUPLICATE_METHOD_MATCH = YES;
				COPY_PHASE_STRIP = NO;
				DEBUG_INFORMATION_FORMAT = "dwarf-with-dsym";
				ENABLE_NS_ASSERTIONS = NO;
				ENABLE_STRICT_OBJC_MSGSEND = YES;
				GCC_C_LANGUAGE_STANDARD = gnu11;
				GCC_NO_COMMON_BLOCKS = YES;
				GCC_WARN_64_TO_32_BIT_CONVERSION = YES;
				GCC_WARN_ABOUT_RETURN_TYPE = YES_ERROR;
				GCC_WARN_UNDECLARED_SELECTOR = YES;
				GCC_WARN_UNINITIALIZED_AUTOS = YES_AGGRESSIVE;
				GCC_WARN_UNUSED_FUNCTION = YES;
				GCC_WARN_UNUSED_VARIABLE = YES;
				IPHONEOS_DEPLOYMENT_TARGET = 16.0;
				MTL_ENABLE_DEBUG_INFO = NO;
				MTL_FAST_MATH = YES;
				SDKROOT = iphoneos;
				SWIFT_COMPILATION_MODE = wholemodule;
				SWIFT_OPTIMIZATION_LEVEL = "-O";
				VALIDATE_PRODUCT = YES;
			};
			name = Release;
		};
		D5B2288F29811E7E003ECDCB /* Debug */ = {
			isa = XCBuildConfiguration;
			buildSettings = {
				ASSETCATALOG_COMPILER_APPICON_NAME = AppIcon;
				ASSETCATALOG_COMPILER_GLOBAL_ACCENT_COLOR_NAME = AccentColor;
				CODE_SIGN_STYLE = Automatic;
				CURRENT_PROJECT_VERSION = 1;
				DEVELOPMENT_TEAM = 8AN45VBDM4;
				GENERATE_INFOPLIST_FILE = YES;
				INFOPLIST_FILE = RealmPractice/Info.plist;
				INFOPLIST_KEY_UIApplicationSupportsIndirectInputEvents = YES;
				INFOPLIST_KEY_UILaunchStoryboardName = LaunchScreen;
				INFOPLIST_KEY_UIMainStoryboardFile = Main;
				INFOPLIST_KEY_UISupportedInterfaceOrientations_iPad = "UIInterfaceOrientationPortrait UIInterfaceOrientationPortraitUpsideDown UIInterfaceOrientationLandscapeLeft UIInterfaceOrientationLandscapeRight";
				INFOPLIST_KEY_UISupportedInterfaceOrientations_iPhone = "UIInterfaceOrientationPortrait UIInterfaceOrientationLandscapeLeft UIInterfaceOrientationLandscapeRight";
				LD_RUNPATH_SEARCH_PATHS = (
					"$(inherited)",
					"@executable_path/Frameworks",
				);
				MARKETING_VERSION = 1.0;
				PRODUCT_BUNDLE_IDENTIFIER = com.hyunndy.RealmPractice;
				PRODUCT_NAME = "$(TARGET_NAME)";
				SWIFT_EMIT_LOC_STRINGS = YES;
				SWIFT_VERSION = 5.0;
				TARGETED_DEVICE_FAMILY = "1,2";
			};
			name = Debug;
		};
		D5B2289029811E7E003ECDCB /* Release */ = {
			isa = XCBuildConfiguration;
			buildSettings = {
				ASSETCATALOG_COMPILER_APPICON_NAME = AppIcon;
				ASSETCATALOG_COMPILER_GLOBAL_ACCENT_COLOR_NAME = AccentColor;
				CODE_SIGN_STYLE = Automatic;
				CURRENT_PROJECT_VERSION = 1;
				DEVELOPMENT_TEAM = 8AN45VBDM4;
				GENERATE_INFOPLIST_FILE = YES;
				INFOPLIST_FILE = RealmPractice/Info.plist;
				INFOPLIST_KEY_UIApplicationSupportsIndirectInputEvents = YES;
				INFOPLIST_KEY_UILaunchStoryboardName = LaunchScreen;
				INFOPLIST_KEY_UIMainStoryboardFile = Main;
				INFOPLIST_KEY_UISupportedInterfaceOrientations_iPad = "UIInterfaceOrientationPortrait UIInterfaceOrientationPortraitUpsideDown UIInterfaceOrientationLandscapeLeft UIInterfaceOrientationLandscapeRight";
				INFOPLIST_KEY_UISupportedInterfaceOrientations_iPhone = "UIInterfaceOrientationPortrait UIInterfaceOrientationLandscapeLeft UIInterfaceOrientationLandscapeRight";
				LD_RUNPATH_SEARCH_PATHS = (
					"$(inherited)",
					"@executable_path/Frameworks",
				);
				MARKETING_VERSION = 1.0;
				PRODUCT_BUNDLE_IDENTIFIER = com.hyunndy.RealmPractice;
				PRODUCT_NAME = "$(TARGET_NAME)";
				SWIFT_EMIT_LOC_STRINGS = YES;
				SWIFT_VERSION = 5.0;
				TARGETED_DEVICE_FAMILY = "1,2";
			};
			name = Release;
		};
		D5B2289229811E7E003ECDCB /* Debug */ = {
			isa = XCBuildConfiguration;
			buildSettings = {
				ALWAYS_EMBED_SWIFT_STANDARD_LIBRARIES = YES;
				BUNDLE_LOADER = "$(TEST_HOST)";
				CODE_SIGN_STYLE = Automatic;
				CURRENT_PROJECT_VERSION = 1;
				DEVELOPMENT_TEAM = 8AN45VBDM4;
				GENERATE_INFOPLIST_FILE = YES;
				IPHONEOS_DEPLOYMENT_TARGET = 16.0;
				MARKETING_VERSION = 1.0;
				PRODUCT_BUNDLE_IDENTIFIER = com.hyunndy.RealmPracticeTests;
				PRODUCT_NAME = "$(TARGET_NAME)";
				SWIFT_EMIT_LOC_STRINGS = NO;
				SWIFT_VERSION = 5.0;
				TARGETED_DEVICE_FAMILY = "1,2";
				TEST_HOST = "$(BUILT_PRODUCTS_DIR)/RealmPractice.app/$(BUNDLE_EXECUTABLE_FOLDER_PATH)/RealmPractice";
			};
			name = Debug;
		};
		D5B2289329811E7E003ECDCB /* Release */ = {
			isa = XCBuildConfiguration;
			buildSettings = {
				ALWAYS_EMBED_SWIFT_STANDARD_LIBRARIES = YES;
				BUNDLE_LOADER = "$(TEST_HOST)";
				CODE_SIGN_STYLE = Automatic;
				CURRENT_PROJECT_VERSION = 1;
				DEVELOPMENT_TEAM = 8AN45VBDM4;
				GENERATE_INFOPLIST_FILE = YES;
				IPHONEOS_DEPLOYMENT_TARGET = 16.0;
				MARKETING_VERSION = 1.0;
				PRODUCT_BUNDLE_IDENTIFIER = com.hyunndy.RealmPracticeTests;
				PRODUCT_NAME = "$(TARGET_NAME)";
				SWIFT_EMIT_LOC_STRINGS = NO;
				SWIFT_VERSION = 5.0;
				TARGETED_DEVICE_FAMILY = "1,2";
				TEST_HOST = "$(BUILT_PRODUCTS_DIR)/RealmPractice.app/$(BUNDLE_EXECUTABLE_FOLDER_PATH)/RealmPractice";
			};
			name = Release;
		};
		D5B2289529811E7E003ECDCB /* Debug */ = {
			isa = XCBuildConfiguration;
			buildSettings = {
				ALWAYS_EMBED_SWIFT_STANDARD_LIBRARIES = YES;
				CODE_SIGN_STYLE = Automatic;
				CURRENT_PROJECT_VERSION = 1;
				DEVELOPMENT_TEAM = 8AN45VBDM4;
				GENERATE_INFOPLIST_FILE = YES;
				MARKETING_VERSION = 1.0;
				PRODUCT_BUNDLE_IDENTIFIER = com.hyunndy.RealmPracticeUITests;
				PRODUCT_NAME = "$(TARGET_NAME)";
				SWIFT_EMIT_LOC_STRINGS = NO;
				SWIFT_VERSION = 5.0;
				TARGETED_DEVICE_FAMILY = "1,2";
				TEST_TARGET_NAME = RealmPractice;
			};
			name = Debug;
		};
		D5B2289629811E7E003ECDCB /* Release */ = {
			isa = XCBuildConfiguration;
			buildSettings = {
				ALWAYS_EMBED_SWIFT_STANDARD_LIBRARIES = YES;
				CODE_SIGN_STYLE = Automatic;
				CURRENT_PROJECT_VERSION = 1;
				DEVELOPMENT_TEAM = 8AN45VBDM4;
				GENERATE_INFOPLIST_FILE = YES;
				MARKETING_VERSION = 1.0;
				PRODUCT_BUNDLE_IDENTIFIER = com.hyunndy.RealmPracticeUITests;
				PRODUCT_NAME = "$(TARGET_NAME)";
				SWIFT_EMIT_LOC_STRINGS = NO;
				SWIFT_VERSION = 5.0;
				TARGETED_DEVICE_FAMILY = "1,2";
				TEST_TARGET_NAME = RealmPractice;
			};
			name = Release;
		};
/* End XCBuildConfiguration section */

/* Begin XCConfigurationList section */
		D5B2285F29811E7C003ECDCB /* Build configuration list for PBXProject "RealmPractice" */ = {
			isa = XCConfigurationList;
			buildConfigurations = (
				D5B2288C29811E7E003ECDCB /* Debug */,
				D5B2288D29811E7E003ECDCB /* Release */,
			);
			defaultConfigurationIsVisible = 0;
			defaultConfigurationName = Release;
		};
		D5B2288E29811E7E003ECDCB /* Build configuration list for PBXNativeTarget "RealmPractice" */ = {
			isa = XCConfigurationList;
			buildConfigurations = (
				D5B2288F29811E7E003ECDCB /* Debug */,
				D5B2289029811E7E003ECDCB /* Release */,
			);
			defaultConfigurationIsVisible = 0;
			defaultConfigurationName = Release;
		};
		D5B2289129811E7E003ECDCB /* Build configuration list for PBXNativeTarget "RealmPracticeTests" */ = {
			isa = XCConfigurationList;
			buildConfigurations = (
				D5B2289229811E7E003ECDCB /* Debug */,
				D5B2289329811E7E003ECDCB /* Release */,
			);
			defaultConfigurationIsVisible = 0;
			defaultConfigurationName = Release;
		};
		D5B2289429811E7E003ECDCB /* Build configuration list for PBXNativeTarget "RealmPracticeUITests" */ = {
			isa = XCConfigurationList;
			buildConfigurations = (
				D5B2289529811E7E003ECDCB /* Debug */,
				D5B2289629811E7E003ECDCB /* Release */,
			);
			defaultConfigurationIsVisible = 0;
			defaultConfigurationName = Release;
		};
/* End XCConfigurationList section */
	};
	rootObject = D5B2285C29811E7C003ECDCB /* Project object */;
}
